# This file is autogenerated, do not edit; changes may be undone by the next 'dep ensure'.


[[projects]]
  digest = "1:9f3b30d9f8e0d7040f729b82dcbc8f0dead820a133b3147ce355fc451f32d761"
  name = "github.com/BurntSushi/toml"
  packages = ["."]
  pruneopts = "UT"
  revision = "3012a1dbe2e4bd1391d42b32f0577cb7bbc7f005"
  version = "v0.3.1"

[[projects]]
  digest = "1:ed77032e4241e3b8329c9304d66452ed196e795876e14be677a546f36b94e67a"
  name = "github.com/DataDog/zstd"
  packages = ["."]
  pruneopts = "UT"
  revision = "c7161f8c63c045cbc7ca051dcc969dd0e4054de2"
  version = "v1.3.5"

[[projects]]
  digest = "1:73856baab478a9f88daeb7e53702df55e3dee4fc982a50bcc2bf266d80f7f78e"
  name = "github.com/SebastiaanKlippert/go-wkhtmltopdf"
  packages = ["."]
  pruneopts = "UT"
  revision = "8d750795193a0c2ffc4c0a867109472c33740068"
  version = "v1.4.0"

[[projects]]
  digest = "1:28917d5a3f5e53a4c8a4035195c022649c66a4d71d6357a2276cd347945bd527"
  name = "github.com/Shopify/sarama"
  packages = ["."]
  pruneopts = "UT"
  revision = "03a43f93cd29dc549e6d9b11892795c206f9c38c"
  version = "v1.20.1"

[[projects]]
  digest = "1:8415e6a34431591436eef74ebffc7fe430baf4fa929b049521efe1faa771afd4"
  name = "github.com/aws/aws-sdk-go"
  packages = [
    "aws",
    "aws/awserr",
    "aws/awsutil",
    "aws/client",
    "aws/client/metadata",
    "aws/corehandlers",
    "aws/credentials",
    "aws/credentials/ec2rolecreds",
    "aws/credentials/endpointcreds",
    "aws/credentials/processcreds",
    "aws/credentials/stscreds",
    "aws/csm",
    "aws/defaults",
    "aws/ec2metadata",
    "aws/endpoints",
    "aws/request",
    "aws/session",
    "aws/signer/v4",
    "internal/ini",
    "internal/sdkio",
    "internal/sdkrand",
    "internal/sdkuri",
    "internal/shareddefaults",
    "private/protocol",
    "private/protocol/query",
    "private/protocol/query/queryutil",
    "private/protocol/rest",
    "private/protocol/xml/xmlutil",
    "service/sqs",
    "service/sts",
  ]
  pruneopts = "UT"
  revision = "130ebb7dc1d6b5a940198b47642fc8b20936a65d"
  version = "v1.16.1"

[[projects]]
  digest = "1:0f98f59e9a2f4070d66f0c9c39561f68fcd1dc837b22a852d28d0003aebd1b1e"
  name = "github.com/boltdb/bolt"
  packages = ["."]
  pruneopts = "UT"
  revision = "2f1ce7a837dcb8da3ec595b1dac9d0632f0f99e8"
  version = "v1.3.1"

[[projects]]
  branch = "master"
  digest = "1:4ea58d084a9a44921960390f617d3cb0231240066f644973e19f0165e7a63321"
  name = "github.com/chromedp/cdproto"
  packages = [
    ".",
    "accessibility",
    "animation",
    "applicationcache",
    "audits",
    "browser",
    "cachestorage",
    "cast",
    "cdp",
    "css",
    "database",
    "debugger",
    "deviceorientation",
    "dom",
    "domdebugger",
    "domsnapshot",
    "domstorage",
    "emulation",
    "fetch",
    "headlessexperimental",
    "heapprofiler",
    "indexeddb",
    "input",
    "inspector",
    "io",
    "layertree",
    "log",
    "memory",
    "network",
    "overlay",
    "page",
    "performance",
    "profiler",
    "runtime",
    "security",
    "serviceworker",
    "storage",
    "systeminfo",
    "target",
    "testing",
    "tethering",
    "tracing",
  ]
  pruneopts = "UT"
  revision = "8a77a44ac1cbaaa43c21b742de19e4e3ba4d678e"

[[projects]]
  digest = "1:13e2ffaa15cf117544a44b046c0438063047ee1b963ef9312ce7758c27cdaebc"
  name = "github.com/chromedp/chromedp"
  packages = [
    ".",
    "client",
    "kb",
    "runner",
  ]
  pruneopts = "UT"
  revision = "34591780d9d429c470ccf81a2760c40245fc823a"
  version = "v0.1.2"

[[projects]]
  digest = "1:924b2a736dd864f52f8b8801b75063c05a15cd4b3aca458b23baff3f389ed7d7"
  name = "github.com/coopernurse/gorp"
  packages = ["."]
  pruneopts = "UT"
  revision = "5d19ebd22fdcf3b9fb1c8cbfcf1d4e78e102f1e0"
  version = "v1.7"

[[projects]]
  branch = "master"
  digest = "1:1be6c08fb4b8bd082c85868089ba739c96dd6beef7e74ca1e4de5ea7077ec920"
  name = "github.com/creasty/go-levenshtein"
  packages = ["."]
  pruneopts = "UT"
  revision = "38ce641d5030ebe5a391cbbe4b796031a99ff228"

[[projects]]
  digest = "1:ffe9824d294da03b391f44e1ae8281281b4afc1bdaa9588c9097785e3af10cec"
  name = "github.com/davecgh/go-spew"
  packages = ["spew"]
  pruneopts = "UT"
  revision = "8991bc29aa16c548c550c7ff78260e27b9ab7c73"
  version = "v1.1.1"

[[projects]]
  digest = "1:76dc72490af7174349349838f2fe118996381b31ea83243812a97e5a0fd5ed55"
  name = "github.com/dgrijalva/jwt-go"
  packages = ["."]
  pruneopts = "UT"
  revision = "06ea1031745cb8b3dab3f6a236daf2b0aa468b7e"
  version = "v3.2.0"

[[projects]]
  digest = "1:47cebe27e59e4e0c239d0bf2419d6a46f0364a56efc43be702c32b82710b6ecf"
  name = "github.com/disintegration/imaging"
  packages = ["."]
  pruneopts = "UT"
  revision = "5362c131d56305ce787e79a5b94ffc956df00d62"
  version = "v1.6.0"

[[projects]]
  digest = "1:1f0c7ab489b407a7f8f9ad16c25a504d28ab461517a971d341388a56156c1bd7"
  name = "github.com/eapache/go-resiliency"
  packages = ["breaker"]
  pruneopts = "UT"
  revision = "ea41b0fad31007accc7f806884dcdf3da98b79ce"
  version = "v1.1.0"

[[projects]]
  branch = "master"
  digest = "1:79f16588b5576b1b3cd90e48d2374cc9a1a8776862d28d8fd0f23b0e15534967"
  name = "github.com/eapache/go-xerial-snappy"
  packages = ["."]
  pruneopts = "UT"
  revision = "776d5712da21bc4762676d614db1d8a64f4238b0"

[[projects]]
  digest = "1:444b82bfe35c83bbcaf84e310fb81a1f9ece03edfed586483c869e2c046aef69"
  name = "github.com/eapache/queue"
  packages = ["."]
  pruneopts = "UT"
  revision = "44cc805cf13205b55f69e14bcb69867d1ae92f98"
  version = "v1.1.0"

[[projects]]
  digest = "1:1b487fd946176530c6c3669e55108e4ee45e1bd1ea0a630e28e3a173352d93e8"
  name = "github.com/ericlagergren/decimal"
  packages = [
    ".",
    "internal/arith",
    "internal/arith/checked",
    "internal/c",
  ]
  pruneopts = "UT"
  revision = "73749d4874d5d3efba704f6046eae0517f998f4e"
  version = "v3.3.1"

[[projects]]
  digest = "1:0594af97b2f4cec6554086eeace6597e20a4b69466eb4ada25adf9f4300dddd2"
  name = "github.com/garyburd/redigo"
  packages = [
    "internal",
    "redis",
  ]
  pruneopts = "UT"
  revision = "a69d19351219b6dd56f274f96d85a7014a2ec34e"
  version = "v1.6.0"

[[projects]]
  digest = "1:ec6f9bf5e274c833c911923c9193867f3f18788c461f76f05f62bb1510e0ae65"
  name = "github.com/go-sql-driver/mysql"
  packages = ["."]
  pruneopts = "UT"
  revision = "72cd26f257d44c1114970e19afddcd812016007e"
  version = "v1.4.1"

[[projects]]
  branch = "master"
  digest = "1:73012dd9adfad091a99ae6457bb683f468b27414e95cbe8090468e8e2806fb63"
  name = "github.com/gocql/gocql"
  packages = [
    ".",
    "internal/lru",
    "internal/murmur",
    "internal/streams",
  ]
  pruneopts = "UT"
  revision = "252acab79f984a40c591d43e210c0a06cdee934a"

[[projects]]
  branch = "master"
  digest = "1:4a0c6bb4805508a6287675fac876be2ac1182539ca8a32468d8128882e9d5009"
  name = "github.com/golang/snappy"
  packages = ["."]
  pruneopts = "UT"
  revision = "2e65f85255dbc3072edf28d6b5b8efc472979f5a"

[[projects]]
  digest = "1:7b5c6e2eeaa9ae5907c391a91c132abfd5c9e8a784a341b5625e750c67e6825d"
  name = "github.com/gorilla/websocket"
  packages = ["."]
  pruneopts = "UT"
  revision = "66b9c49e59c6c48f0ffce28c2d8b8a5678502c6d"
  version = "v1.4.0"

[[projects]]
  branch = "master"
  digest = "1:364b908b9b27b97ab838f2f6f1b1f46281fa29b978a037d72a9b1d4f6d940190"
  name = "github.com/hailocab/go-hostpool"
  packages = ["."]
  pruneopts = "UT"
  revision = "e80d13ce29ede4452c43dea11e79b9bc8a15b478"

[[projects]]
  digest = "1:d4e6e8584d0a94ce567d237e19192dae44d57d2767ac7e1d7fbf5626d176381a"
  name = "github.com/jinzhu/gorm"
  packages = ["."]
  pruneopts = "UT"
  revision = "472c70caa40267cb89fd8facb07fe6454b578626"
  version = "v1.9.2"

[[projects]]
  branch = "master"
  digest = "1:fd97437fbb6b7dce04132cf06775bd258cce305c44add58eb55ca86c6c325160"
  name = "github.com/jinzhu/inflection"
  packages = ["."]
  pruneopts = "UT"
  revision = "04140366298a54a039076d798123ffa108fff46c"

[[projects]]
  digest = "1:e22af8c7518e1eab6f2eab2b7d7558927f816262586cd6ed9f349c97a6c285c4"
  name = "github.com/jmespath/go-jmespath"
  packages = ["."]
  pruneopts = "UT"
  revision = "0b12d6b5"

[[projects]]
  branch = "master"
  digest = "1:957b15d94d4771a424b6ccb959214fe8caafb7d791d0f588ac572b7cdc894457"
  name = "github.com/knq/snaker"
  packages = ["."]
  pruneopts = "UT"
  revision = "2bc8a4db468777180ca38d551094b83073bed25f"

[[projects]]
  branch = "master"
  digest = "1:8cb15b21828b36ad568850d0ecb9340e22b148c8c6755f4a3d7918021bfc38a2"
  name = "github.com/knq/sysutil"
  packages = ["."]
  pruneopts = "UT"
  revision = "f05b59f0f3075ba1bc5701ef0df4393a05ebd0e7"

[[projects]]
  digest = "1:8ef506fc2bb9ced9b151dafa592d4046063d744c646c1bbe801982ce87e4bc24"
  name = "github.com/lib/pq"
  packages = [
    ".",
    "oid",
  ]
  pruneopts = "UT"
  revision = "4ded0e9383f75c197b3a2aaa6d590ac52df6fd79"
  version = "v1.0.0"

[[projects]]
  branch = "master"
  digest = "1:aa3d8d42865c42626b5c1add193692d045b3188b1479f0a0a88690d21fe20083"
  name = "github.com/mailru/easyjson"
  packages = [
    ".",
    "buffer",
    "jlexer",
    "jwriter",
  ]
  pruneopts = "UT"
  revision = "60711f1a8329503b04e1c88535f419d0bb440bff"

[[projects]]
  digest = "1:4a49346ca45376a2bba679ca0e83bec949d780d4e927931317904bad482943ec"
  name = "github.com/mattn/go-sqlite3"
  packages = ["."]
  pruneopts = "UT"
  revision = "c7c4067b79cc51e6dfdcef5c702e74b1e0fa7c75"
  version = "v1.10.0"

[[projects]]
  digest = "1:7aefb397a53fc437c90f0fdb3e1419c751c5a3a165ced52325d5d797edf1aca6"
  name = "github.com/moul/http2curl"
  packages = ["."]
  pruneopts = "UT"
  revision = "9ac6cf4d929b2fa8fd2d2e6dec5bb0feb4f4911d"
  version = "v1.0.0"

[[projects]]
  digest = "1:95837473f879ea39a76b82c43c7badf93a4b27b2d5654182ec3d1728f8ebec30"
  name = "github.com/nats-io/go-nats"
  packages = [
    "encoders/builtin",
    "util",
  ]
  pruneopts = "UT"
  revision = "13c7fc7590db68b18f2015600f8765a02d705b5d"
  version = "v1.7.0"

[[projects]]
  digest = "1:ca6e265f963409698f30ad81cbee13a95525e9dbb03ded83b3a5894ffb1849b4"
  name = "github.com/nats-io/nats"
  packages = ["."]
  pruneopts = "UT"
  revision = "13c7fc7590db68b18f2015600f8765a02d705b5d"
  version = "v1.7.0"

[[projects]]
  digest = "1:0b5d91120efc54504bc253fda90b08c4be88cd78a4023ef60019e95bb0cdc136"
  name = "github.com/nats-io/nkeys"
  packages = ["."]
  pruneopts = "UT"
  revision = "1546a3320a8f195a5b5c84aef8309377c2e411d5"
  version = "v0.0.2"

[[projects]]
  digest = "1:c3cd663f2f30b92536b9f290ac85c6310dae36a14cb8961553ae9ccf0d85ae41"
  name = "github.com/nats-io/nuid"
  packages = ["."]
  pruneopts = "UT"
  revision = "289cccf02c178dc782430d534e3c1f5b72af807f"
  version = "v1.0.0"

[[projects]]
  digest = "1:07140002dbf37da92090f731b46fa47be4820b82fe5c14a035203b0e813d0ec2"
  name = "github.com/nicksnyder/go-i18n"
  packages = [
    "i18n",
    "i18n/bundle",
    "i18n/language",
    "i18n/translation",
  ]
  pruneopts = "UT"
  revision = "0dc1626d56435e9d605a29875701721c54bc9bbd"
  version = "v1.10.0"

[[projects]]
  digest = "1:d776f3e95774a8719f2e57fabbbb33103035fe072dcf6f1864f33abd17b753e5"
  name = "github.com/parnurzeal/gorequest"
  packages = ["."]
  pruneopts = "UT"
  revision = "a578a48e8d6ca8b01a3b18314c43c6716bb5f5a3"
  version = "v0.2.15"

[[projects]]
  digest = "1:95741de3af260a92cc5c7f3f3061e85273f5a81b5db20d4bd68da74bd521675e"
  name = "github.com/pelletier/go-toml"
  packages = ["."]
  pruneopts = "UT"
  revision = "c01d1270ff3e442a8a57cddc1c92dc1138598194"
  version = "v1.2.0"

[[projects]]
  digest = "1:c7a5e79396b6eb570159df7a1d487ce5775bf43b7907976fbef6de544ea160ad"
  name = "github.com/pierrec/lz4"
  packages = [
    ".",
    "internal/xxh32",
  ]
  pruneopts = "UT"
  revision = "473cd7ce01a1113208073166464b98819526150e"
  version = "v2.0.8"

[[projects]]
  digest = "1:cf31692c14422fa27c83a05292eb5cbe0fb2775972e8f1f8446a71549bd8980b"
  name = "github.com/pkg/errors"
  packages = ["."]
  pruneopts = "UT"
  revision = "ba968bfe8b2f7e042a574c888954fccecfa385b4"
  version = "v0.8.1"

[[projects]]
  branch = "master"
  digest = "1:d38f81081a389f1466ec98192cf9115a82158854d6f01e1c23e2e7554b97db71"
  name = "github.com/rcrowley/go-metrics"
  packages = ["."]
  pruneopts = "UT"
  revision = "3113b8401b8a98917cde58f8bbd42a1b1c03b1fd"

[[projects]]
  branch = "master"
  digest = "1:525ac3364813b4688df380594e562133e07830dfce0722effda64b37634c13d0"
  name = "github.com/streadway/amqp"
  packages = ["."]
  pruneopts = "UT"
  revision = "a314942b2fd9dde7a3f70ba3f1062848ce6eb392"

[[projects]]
  digest = "1:4887e9e89c80299aa520d718239809fdd2a47a9aa394909b169959bfbc424ddf"
  name = "github.com/ugorji/go"
  packages = ["codec"]
  pruneopts = "UT"
  revision = "8fd0f8d918c8f0b52d0af210a812ba882cc31a1e"
  version = "v1.1.2"

[[projects]]
  digest = "1:2d60c78b08f7cf14a58da81a49f1f1276bba6dff9625aca35636162ce415f808"
  name = "github.com/wirepair/gcd"
  packages = [
    ".",
    "gcdapi",
    "gcdmessage",
  ]
  pruneopts = "UT"
  revision = "4c25a51b535a262645a591d527b9348c45b1e76e"
  version = "v1.0.2"

[[projects]]
  branch = "master"
  digest = "1:449918a9690b325edc4a77fda225fa1b9b155b42afab488d89feb6955a7fec3f"
  name = "golang.org/x/crypto"
  packages = [
    "ed25519",
    "ed25519/internal/edwards25519",
    "pbkdf2",
    "scrypt",
  ]
  pruneopts = "UT"
  revision = "b8fe1690c61389d7d2a8074a507d1d40c5d30448"

[[projects]]
  branch = "master"
  digest = "1:acadbbf02e5c744709c60ac929e63258a69a3404ab36ed0c1a245cc28f056220"
  name = "golang.org/x/image"
  packages = [
    "bmp",
    "tiff",
    "tiff/lzw",
  ]
  pruneopts = "UT"
  revision = "183bebdce1b249c42a7cf6772817e8c2e873b966"

[[projects]]
  branch = "master"
  digest = "1:d92b2e82af237e2b3fdc45d548786a8de4afd39859035ee37b11a367d7e1c76b"
  name = "golang.org/x/net"
  packages = [
    "html",
    "html/atom",
    "idna",
    "publicsuffix",
    "websocket",
  ]
  pruneopts = "UT"
  revision = "d26f9f9a57f3fab6a695bec0d84433c2c50f8bbf"

[[projects]]
  branch = "master"
  digest = "1:969c44c96e9866e912a16e282a362cf045b64202107424983fe8abc3373d1eab"
  name = "golang.org/x/sys"
  packages = ["unix"]
  pruneopts = "UT"
  revision = "41f3e6584952bb034a481797859f6ab34b6803bd"

[[projects]]
  digest = "1:a2ab62866c75542dd18d2b069fec854577a20211d7c0ea6ae746072a1dccdd18"
  name = "golang.org/x/text"
  packages = [
    "collate",
    "collate/build",
    "internal/colltab",
    "internal/gen",
    "internal/tag",
    "internal/triegen",
    "internal/ucd",
    "language",
    "secure/bidirule",
    "transform",
    "unicode/bidi",
    "unicode/cldr",
    "unicode/norm",
    "unicode/rangetable",
  ]
  pruneopts = "UT"
  revision = "f21a4dfb5e38f5895301dc265a8def02365cc3d0"
  version = "v0.3.0"

[[projects]]
  digest = "1:c25289f43ac4a68d88b02245742347c94f1e108c534dda442188015ff80669b3"
  name = "google.golang.org/appengine"
  packages = ["cloudsql"]
  pruneopts = "UT"
  revision = "e9657d882bb81064595ca3b56cbe2546bbabf7b1"
  version = "v1.4.0"

[[projects]]
  digest = "1:a4b04b5314d49a67ad022fa7693453ee2b823ab99314f52fa3930ed31085dfef"
  name = "gopkg.in/guregu/null.v3"
  packages = ["."]
  pruneopts = "UT"
  revision = "80515d440932108546bcade467bb7d6968e812e2"
  version = "v3.4.0"

[[projects]]
  digest = "1:2d1fbdc6777e5408cabeb02bf336305e724b925ff4546ded0fa8715a7267922a"
  name = "gopkg.in/inf.v0"
  packages = ["."]
  pruneopts = "UT"
  revision = "d2d2541c53f18d2a059457998ce2876cc8e67cbf"
  version = "v0.9.1"

[[projects]]
  branch = "v2"
  digest = "1:988de7520a09024d5d94cd99bd545afbf194893994ec759b1cda0a0bbb6adb80"
  name = "gopkg.in/mgo.v2"
  packages = [
    ".",
    "bson",
    "internal/json",
    "internal/sasl",
    "internal/scram",
  ]
  pruneopts = "UT"
  revision = "9856a29383ce1c59f308dd1cf0363a79b5bef6b5"

[[projects]]
  digest = "1:4d2e5a73dc1500038e504a8d78b986630e3626dc027bc030ba5c75da257cdb96"
  name = "gopkg.in/yaml.v2"
  packages = ["."]
  pruneopts = "UT"
  revision = "51d6538a90f86fe93ac480b35f37b2be17fef232"
  version = "v2.2.2"

[solve-meta]
  analyzer-name = "dep"
  analyzer-version = 1
  input-imports = [
    "github.com/BurntSushi/toml",
    "github.com/SebastiaanKlippert/go-wkhtmltopdf",
    "github.com/Shopify/sarama",
    "github.com/aws/aws-sdk-go/aws",
    "github.com/aws/aws-sdk-go/aws/session",
    "github.com/aws/aws-sdk-go/service/sqs",
    "github.com/boltdb/bolt",
    "github.com/chromedp/cdproto/cdp",
    "github.com/chromedp/chromedp",
    "github.com/coopernurse/gorp",
    "github.com/creasty/go-levenshtein",
    "github.com/dgrijalva/jwt-go",
    "github.com/ericlagergren/decimal",
    "github.com/garyburd/redigo/redis",
    "github.com/go-sql-driver/mysql",
    "github.com/gocql/gocql",
    "github.com/jinzhu/gorm",
    "github.com/lib/pq",
    "github.com/mattn/go-sqlite3",
    "github.com/nats-io/nats",
    "github.com/nicksnyder/go-i18n/i18n",
    "github.com/parnurzeal/gorequest",
    "github.com/pkg/errors",
    "github.com/streadway/amqp",
    "github.com/ugorji/go/codec",
    "github.com/wirepair/gcd",
    "github.com/wirepair/gcd/gcdapi",
    "golang.org/x/crypto/pbkdf2",
    "golang.org/x/crypto/scrypt",
    "golang.org/x/net/html",
    "golang.org/x/net/html/atom",
    "gopkg.in/guregu/null.v3",
    "gopkg.in/mgo.v2",
    "gopkg.in/mgo.v2/bson",
    "gopkg.in/yaml.v2",
  ]
  solver-name = "gps-cdcl"
  solver-version = 1
