# This file is autogenerated, do not edit; changes may be undone by the next 'dep ensure'.


[[projects]]
  digest = "1:b16fbfbcc20645cb419f78325bb2e85ec729b338e996a228124d68931a6f2a37"
  name = "github.com/BurntSushi/toml"
  packages = ["."]
  pruneopts = "UT"
  revision = "b26d9c308763d68093482582cea63d69be07a0f0"
  version = "v0.3.0"

[[projects]]
  digest = "1:156d27ae1901d3409876ed830bf17f8095050991bf9082e0cac8e12524ee6c9b"
  name = "github.com/SebastiaanKlippert/go-wkhtmltopdf"
  packages = ["."]
  pruneopts = "UT"
  revision = "1108d980d378169b480aa43eda2094e2b9ebff7f"
  version = "v1.2.1"

[[projects]]
  digest = "1:66b8ed452b31eb9075bc53295952487c333a9cb555de57ed61f5664c058d9050"
  name = "github.com/Shopify/sarama"
  packages = ["."]
  pruneopts = "UT"
  revision = "35324cf48e33d8260e1c7c18854465a904ade249"
  version = "v1.17.0"

[[projects]]
  digest = "1:49766615e3e7dd6d4ea6588a4eef14c952dfce90839415334d88c7eed66920ff"
  name = "github.com/aws/aws-sdk-go"
  packages = [
    "aws",
    "aws/awserr",
    "aws/awsutil",
    "aws/client",
    "aws/client/metadata",
    "aws/corehandlers",
    "aws/credentials",
    "aws/credentials/ec2rolecreds",
    "aws/credentials/endpointcreds",
    "aws/credentials/stscreds",
    "aws/csm",
    "aws/defaults",
    "aws/ec2metadata",
    "aws/endpoints",
    "aws/request",
    "aws/session",
    "aws/signer/v4",
    "internal/sdkio",
    "internal/sdkrand",
    "internal/sdkuri",
    "internal/shareddefaults",
    "private/protocol",
    "private/protocol/query",
    "private/protocol/query/queryutil",
    "private/protocol/rest",
    "private/protocol/xml/xmlutil",
    "service/sqs",
    "service/sts",
  ]
  pruneopts = "UT"
  revision = "daed0c76021ea9c4e659e3ec80bcd2d657297100"
  version = "v1.15.12"

[[projects]]
  digest = "1:0f98f59e9a2f4070d66f0c9c39561f68fcd1dc837b22a852d28d0003aebd1b1e"
  name = "github.com/boltdb/bolt"
  packages = ["."]
  pruneopts = "UT"
  revision = "2f1ce7a837dcb8da3ec595b1dac9d0632f0f99e8"
  version = "v1.3.1"

[[projects]]
  branch = "master"
  digest = "1:5f6b904ff3815215aa11def7becebe5d6a74190c77d330c96b40e93c88a5c037"
  name = "github.com/chromedp/cdproto"
  packages = [
    ".",
    "accessibility",
    "animation",
    "applicationcache",
    "audits",
    "browser",
    "cachestorage",
    "cdp",
    "css",
    "database",
    "debugger",
    "deviceorientation",
    "dom",
    "domdebugger",
    "domsnapshot",
    "domstorage",
    "emulation",
    "headlessexperimental",
    "heapprofiler",
    "indexeddb",
    "input",
    "inspector",
    "io",
    "layertree",
    "log",
    "memory",
    "network",
    "overlay",
    "page",
    "performance",
    "profiler",
    "runtime",
    "security",
    "serviceworker",
    "storage",
    "systeminfo",
    "target",
    "tethering",
    "tracing",
  ]
  pruneopts = "UT"
  revision = "08d66f7912b883fdfee414dda8fe71bf2c59a8e5"

[[projects]]
  digest = "1:13e2ffaa15cf117544a44b046c0438063047ee1b963ef9312ce7758c27cdaebc"
  name = "github.com/chromedp/chromedp"
  packages = [
    ".",
    "client",
    "kb",
    "runner",
  ]
  pruneopts = "UT"
  revision = "34591780d9d429c470ccf81a2760c40245fc823a"
  version = "v0.1.2"

[[projects]]
  digest = "1:924b2a736dd864f52f8b8801b75063c05a15cd4b3aca458b23baff3f389ed7d7"
  name = "github.com/coopernurse/gorp"
  packages = ["."]
  pruneopts = "UT"
  revision = "5d19ebd22fdcf3b9fb1c8cbfcf1d4e78e102f1e0"
  version = "v1.7"

[[projects]]
  branch = "master"
  digest = "1:1be6c08fb4b8bd082c85868089ba739c96dd6beef7e74ca1e4de5ea7077ec920"
  name = "github.com/creasty/go-levenshtein"
  packages = ["."]
  pruneopts = "UT"
  revision = "38ce641d5030ebe5a391cbbe4b796031a99ff228"

[[projects]]
  digest = "1:a2c1d0e43bd3baaa071d1b9ed72c27d78169b2b269f71c105ac4ba34b1be4a39"
  name = "github.com/davecgh/go-spew"
  packages = ["spew"]
  pruneopts = "UT"
  revision = "346938d642f2ec3594ed81d874461961cd0faa76"
  version = "v1.1.0"

[[projects]]
  digest = "1:76dc72490af7174349349838f2fe118996381b31ea83243812a97e5a0fd5ed55"
  name = "github.com/dgrijalva/jwt-go"
  packages = ["."]
  pruneopts = "UT"
  revision = "06ea1031745cb8b3dab3f6a236daf2b0aa468b7e"
  version = "v3.2.0"

[[projects]]
  digest = "1:256dd949e34358cbf396484da03e028e3c004a7a031d59892aef0a101fa0a01c"
  name = "github.com/disintegration/imaging"
  packages = ["."]
  pruneopts = "UT"
  revision = "bbcee2f5c9d5e94ca42c8b50ec847fec64a6c134"
  version = "v1.4.2"

[[projects]]
  digest = "1:1f0c7ab489b407a7f8f9ad16c25a504d28ab461517a971d341388a56156c1bd7"
  name = "github.com/eapache/go-resiliency"
  packages = ["breaker"]
  pruneopts = "UT"
  revision = "ea41b0fad31007accc7f806884dcdf3da98b79ce"
  version = "v1.1.0"

[[projects]]
  branch = "master"
  digest = "1:79f16588b5576b1b3cd90e48d2374cc9a1a8776862d28d8fd0f23b0e15534967"
  name = "github.com/eapache/go-xerial-snappy"
  packages = ["."]
  pruneopts = "UT"
  revision = "776d5712da21bc4762676d614db1d8a64f4238b0"

[[projects]]
  digest = "1:444b82bfe35c83bbcaf84e310fb81a1f9ece03edfed586483c869e2c046aef69"
  name = "github.com/eapache/queue"
  packages = ["."]
  pruneopts = "UT"
  revision = "44cc805cf13205b55f69e14bcb69867d1ae92f98"
  version = "v1.1.0"

[[projects]]
  digest = "1:0594af97b2f4cec6554086eeace6597e20a4b69466eb4ada25adf9f4300dddd2"
  name = "github.com/garyburd/redigo"
  packages = [
    "internal",
    "redis",
  ]
  pruneopts = "UT"
  revision = "a69d19351219b6dd56f274f96d85a7014a2ec34e"
  version = "v1.6.0"

[[projects]]
  digest = "1:fe8a03a8222d5b913f256972933d26d24ad7c8286692a42943bc01633cc8fce3"
  name = "github.com/go-ini/ini"
  packages = ["."]
  pruneopts = "UT"
  revision = "358ee7663966325963d4e8b2e1fbd570c5195153"
  version = "v1.38.1"

[[projects]]
  digest = "1:adea5a94903eb4384abef30f3d878dc9ff6b6b5b0722da25b82e5169216dfb61"
  name = "github.com/go-sql-driver/mysql"
  packages = ["."]
  pruneopts = "UT"
  revision = "d523deb1b23d913de5bdada721a6071e71283618"
  version = "v1.4.0"

[[projects]]
  branch = "master"
  digest = "1:f04c0e185c55c8601cca504126ead5b2478445bfafb64931cac793fdc02a3e52"
  name = "github.com/gocql/gocql"
  packages = [
    ".",
    "internal/lru",
    "internal/murmur",
    "internal/streams",
  ]
  pruneopts = "UT"
  revision = "045d8d6abc70b5bd02bb18b8fdb05ee54d8c87aa"

[[projects]]
  branch = "master"
  digest = "1:4a0c6bb4805508a6287675fac876be2ac1182539ca8a32468d8128882e9d5009"
  name = "github.com/golang/snappy"
  packages = ["."]
  pruneopts = "UT"
  revision = "2e65f85255dbc3072edf28d6b5b8efc472979f5a"

[[projects]]
  digest = "1:43dd08a10854b2056e615d1b1d22ac94559d822e1f8b6fcc92c1a1057e85188e"
  name = "github.com/gorilla/websocket"
  packages = ["."]
  pruneopts = "UT"
  revision = "ea4d1f681babbce9545c9c5f3d5194a789c89f5b"
  version = "v1.2.0"

[[projects]]
  branch = "master"
  digest = "1:364b908b9b27b97ab838f2f6f1b1f46281fa29b978a037d72a9b1d4f6d940190"
  name = "github.com/hailocab/go-hostpool"
  packages = ["."]
  pruneopts = "UT"
  revision = "e80d13ce29ede4452c43dea11e79b9bc8a15b478"

[[projects]]
  digest = "1:235ae01f32fb5f12c5f6d2e0e05ab48e651ab31c126e45a4efc4f510810941ac"
  name = "github.com/jinzhu/gorm"
  packages = ["."]
  pruneopts = "UT"
  revision = "6ed508ec6a4ecb3531899a69cbc746ccf65a4166"
  version = "v1.9.1"

[[projects]]
  branch = "master"
  digest = "1:fd97437fbb6b7dce04132cf06775bd258cce305c44add58eb55ca86c6c325160"
  name = "github.com/jinzhu/inflection"
  packages = ["."]
  pruneopts = "UT"
  revision = "04140366298a54a039076d798123ffa108fff46c"

[[projects]]
  digest = "1:e22af8c7518e1eab6f2eab2b7d7558927f816262586cd6ed9f349c97a6c285c4"
  name = "github.com/jmespath/go-jmespath"
  packages = ["."]
  pruneopts = "UT"
  revision = "0b12d6b5"

[[projects]]
  branch = "master"
  digest = "1:901625a0300fa83074dcf2510424c26a19dc3edadf67b34ca45a78f879ac4b0c"
  name = "github.com/knq/snaker"
  packages = ["."]
  pruneopts = "UT"
  revision = "d9ad1e7f342a5b58202aa92c5f1106d7bb8b9c73"

[[projects]]
  branch = "master"
  digest = "1:4bc4b80749499a818176b07698dc72025610f5570168a47a94ffd38709e4a5f0"
  name = "github.com/knq/sysutil"
  packages = ["."]
  pruneopts = "UT"
  revision = "0218e141a794643e8c0fa283b9cd076fc0df662d"

[[projects]]
  branch = "master"
  digest = "1:37ce7d7d80531b227023331002c0d42b4b4b291a96798c82a049d03a54ba79e4"
  name = "github.com/lib/pq"
  packages = [
    ".",
    "oid",
  ]
  pruneopts = "UT"
  revision = "90697d60dd844d5ef6ff15135d0203f65d2f53b8"

[[projects]]
  branch = "master"
  digest = "1:aa3d8d42865c42626b5c1add193692d045b3188b1479f0a0a88690d21fe20083"
  name = "github.com/mailru/easyjson"
  packages = [
    ".",
    "buffer",
    "jlexer",
    "jwriter",
  ]
  pruneopts = "UT"
  revision = "03f2033d19d5860aef995fe360ac7d395cd8ce65"

[[projects]]
  digest = "1:3cafc6a5a1b8269605d9df4c6956d43d8011fc57f266ca6b9d04da6c09dee548"
  name = "github.com/mattn/go-sqlite3"
  packages = ["."]
  pruneopts = "UT"
  revision = "25ecb14adfc7543176f7d85291ec7dba82c6f7e4"
  version = "v1.9.0"

[[projects]]
  branch = "master"
  digest = "1:7aefb397a53fc437c90f0fdb3e1419c751c5a3a165ced52325d5d797edf1aca6"
  name = "github.com/moul/http2curl"
  packages = ["."]
  pruneopts = "UT"
  revision = "9ac6cf4d929b2fa8fd2d2e6dec5bb0feb4f4911d"

[[projects]]
  digest = "1:95837473f879ea39a76b82c43c7badf93a4b27b2d5654182ec3d1728f8ebec30"
  name = "github.com/nats-io/go-nats"
  packages = [
    "encoders/builtin",
    "util",
  ]
  pruneopts = "UT"
  revision = "062418ea1c2181f52dc0f954f6204370519a868b"
  version = "v1.5.0"

[[projects]]
  digest = "1:fe3ba5263b1cc5443dfb9d0e62d2fd5b89c89f6c25003a207b2f9197f46c33a8"
  name = "github.com/nats-io/nats"
  packages = ["."]
  pruneopts = "UT"
  revision = "062418ea1c2181f52dc0f954f6204370519a868b"
  version = "v1.5.0"

[[projects]]
  digest = "1:c3cd663f2f30b92536b9f290ac85c6310dae36a14cb8961553ae9ccf0d85ae41"
  name = "github.com/nats-io/nuid"
  packages = ["."]
  pruneopts = "UT"
  revision = "289cccf02c178dc782430d534e3c1f5b72af807f"
  version = "v1.0.0"

[[projects]]
  digest = "1:07140002dbf37da92090f731b46fa47be4820b82fe5c14a035203b0e813d0ec2"
  name = "github.com/nicksnyder/go-i18n"
  packages = [
    "i18n",
    "i18n/bundle",
    "i18n/language",
    "i18n/translation",
  ]
  pruneopts = "UT"
  revision = "0dc1626d56435e9d605a29875701721c54bc9bbd"
  version = "v1.10.0"

[[projects]]
  digest = "1:d776f3e95774a8719f2e57fabbbb33103035fe072dcf6f1864f33abd17b753e5"
  name = "github.com/parnurzeal/gorequest"
  packages = ["."]
  pruneopts = "UT"
  revision = "a578a48e8d6ca8b01a3b18314c43c6716bb5f5a3"
  version = "v0.2.15"

[[projects]]
  digest = "1:95741de3af260a92cc5c7f3f3061e85273f5a81b5db20d4bd68da74bd521675e"
  name = "github.com/pelletier/go-toml"
  packages = ["."]
  pruneopts = "UT"
  revision = "c01d1270ff3e442a8a57cddc1c92dc1138598194"
  version = "v1.2.0"

[[projects]]
  digest = "1:29803f52611cbcc1dfe55b456e9fdac362af7248b3d29d7ea1bec0a12e71dff4"
  name = "github.com/pierrec/lz4"
  packages = [
    ".",
    "internal/xxh32",
  ]
  pruneopts = "UT"
  revision = "1958fd8fff7f115e79725b1288e0b878b3e06b00"
  version = "v2.0.3"

[[projects]]
  digest = "1:40e195917a951a8bf867cd05de2a46aaf1806c50cf92eebf4c16f78cd196f747"
  name = "github.com/pkg/errors"
  packages = ["."]
  pruneopts = "UT"
  revision = "645ef00459ed84a119197bfb8d8205042c6df63d"
  version = "v0.8.0"

[[projects]]
  branch = "master"
  digest = "1:c4556a44e350b50a490544d9b06e9fba9c286c21d6c0e47f54f3a9214597298c"
  name = "github.com/rcrowley/go-metrics"
  packages = ["."]
  pruneopts = "UT"
  revision = "e2704e165165ec55d062f5919b4b29494e9fa790"

[[projects]]
  branch = "master"
  digest = "1:0c088044c1c1ee83e723692442df4fec9b3f2e57f7a99773485c97adfbc31695"
  name = "github.com/streadway/amqp"
  packages = ["."]
  pruneopts = "UT"
  revision = "70e15c650864f4fc47f5d3c82ea117285480895d"

[[projects]]
  digest = "1:03aa6e485e528acb119fb32901cf99582c380225fc7d5a02758e08b180cb56c3"
  name = "github.com/ugorji/go"
  packages = ["codec"]
  pruneopts = "UT"
  revision = "b4c50a2b199d93b13dc15e78929cfb23bfdf21ab"
  version = "v1.1.1"

[[projects]]
  branch = "master"
  digest = "1:6ccd8daedf13114be371eb79c04ac5cba51cb609f190b469088f392e3441a07b"
  name = "github.com/wirepair/gcd"
  packages = [
    ".",
    "gcdapi",
    "gcdmessage",
  ]
  pruneopts = "UT"
  revision = "3231a1db3b2236110c12850400000c9624168272"

[[projects]]
  branch = "master"
  digest = "1:29672ea8ec3ef342d345f668d47666e45366b7691080ee4c07bf4851f4fa8864"
  name = "golang.org/x/crypto"
  packages = [
    "pbkdf2",
    "scrypt",
  ]
  pruneopts = "UT"
  revision = "de0752318171da717af4ce24d0a2e8626afaeb11"

[[projects]]
  branch = "master"
  digest = "1:d3d337e91c35f337d548873978c858ecb723168a6303a41a3ba625c79094f899"
  name = "golang.org/x/image"
  packages = [
    "bmp",
    "tiff",
    "tiff/lzw",
  ]
  pruneopts = "UT"
  revision = "c73c2afc3b812cdd6385de5a50616511c4a3d458"

[[projects]]
  branch = "master"
  digest = "1:16bff0c3c20cb706ac73a8879ff80078bfafaafc9cc50f64afc488e13682f33e"
  name = "golang.org/x/net"
  packages = [
    "html",
    "html/atom",
    "idna",
    "publicsuffix",
    "websocket",
  ]
  pruneopts = "UT"
  revision = "c39426892332e1bb5ec0a434a079bf82f5d30c54"

[[projects]]
  branch = "master"
  digest = "1:0316a8ad208917f1d141b077e278980fd5e4594f3a85f835dacbf24d85798252"
  name = "golang.org/x/sys"
  packages = ["unix"]
  pruneopts = "UT"
  revision = "4e1fef5609515ec7a2cee7b5de30ba6d9b438cbf"

[[projects]]
  digest = "1:a2ab62866c75542dd18d2b069fec854577a20211d7c0ea6ae746072a1dccdd18"
  name = "golang.org/x/text"
  packages = [
    "collate",
    "collate/build",
    "internal/colltab",
    "internal/gen",
    "internal/tag",
    "internal/triegen",
    "internal/ucd",
    "language",
    "secure/bidirule",
    "transform",
    "unicode/bidi",
    "unicode/cldr",
    "unicode/norm",
    "unicode/rangetable",
  ]
  pruneopts = "UT"
  revision = "f21a4dfb5e38f5895301dc265a8def02365cc3d0"
  version = "v0.3.0"

[[projects]]
  digest = "1:c25289f43ac4a68d88b02245742347c94f1e108c534dda442188015ff80669b3"
  name = "google.golang.org/appengine"
  packages = ["cloudsql"]
  pruneopts = "UT"
  revision = "b1f26356af11148e710935ed1ac8a7f5702c7612"
  version = "v1.1.0"

[[projects]]
  digest = "1:a4b04b5314d49a67ad022fa7693453ee2b823ab99314f52fa3930ed31085dfef"
  name = "gopkg.in/guregu/null.v3"
  packages = ["."]
  pruneopts = "UT"
  revision = "80515d440932108546bcade467bb7d6968e812e2"
  version = "v3.4.0"

[[projects]]
  digest = "1:2d1fbdc6777e5408cabeb02bf336305e724b925ff4546ded0fa8715a7267922a"
  name = "gopkg.in/inf.v0"
  packages = ["."]
  pruneopts = "UT"
  revision = "d2d2541c53f18d2a059457998ce2876cc8e67cbf"
  version = "v0.9.1"

[[projects]]
  branch = "v2"
  digest = "1:988de7520a09024d5d94cd99bd545afbf194893994ec759b1cda0a0bbb6adb80"
  name = "gopkg.in/mgo.v2"
  packages = [
    ".",
    "bson",
    "internal/json",
    "internal/sasl",
    "internal/scram",
  ]
  pruneopts = "UT"
  revision = "9856a29383ce1c59f308dd1cf0363a79b5bef6b5"

[[projects]]
  digest = "1:342378ac4dcb378a5448dd723f0784ae519383532f5e70ade24132c4c8693202"
  name = "gopkg.in/yaml.v2"
  packages = ["."]
  pruneopts = "UT"
  revision = "5420a8b6744d3b0345ab293f6fcba19c978f1183"
  version = "v2.2.1"

[solve-meta]
  analyzer-name = "dep"
  analyzer-version = 1
  input-imports = [
    "github.com/BurntSushi/toml",
    "github.com/SebastiaanKlippert/go-wkhtmltopdf",
    "github.com/Shopify/sarama",
    "github.com/aws/aws-sdk-go/aws",
    "github.com/aws/aws-sdk-go/aws/session",
    "github.com/aws/aws-sdk-go/service/sqs",
    "github.com/boltdb/bolt",
    "github.com/chromedp/cdproto/cdp",
    "github.com/chromedp/chromedp",
    "github.com/coopernurse/gorp",
    "github.com/creasty/go-levenshtein",
    "github.com/dgrijalva/jwt-go",
    "github.com/garyburd/redigo/redis",
    "github.com/go-sql-driver/mysql",
    "github.com/gocql/gocql",
    "github.com/jinzhu/gorm",
    "github.com/lib/pq",
    "github.com/mattn/go-sqlite3",
    "github.com/nats-io/nats",
    "github.com/nicksnyder/go-i18n/i18n",
    "github.com/parnurzeal/gorequest",
    "github.com/streadway/amqp",
    "github.com/ugorji/go/codec",
    "github.com/wirepair/gcd",
    "github.com/wirepair/gcd/gcdapi",
    "golang.org/x/crypto/pbkdf2",
    "golang.org/x/crypto/scrypt",
    "golang.org/x/net/html",
    "golang.org/x/net/html/atom",
    "gopkg.in/guregu/null.v3",
    "gopkg.in/mgo.v2",
    "gopkg.in/mgo.v2/bson",
    "gopkg.in/yaml.v2",
  ]
  solver-name = "gps-cdcl"
  solver-version = 1
